
Microsoft Visual Studio Solution File, Format Version 11.00
# Visual Studio 2010
Project("{FAE04EC0-301F-11D3-BF4B-00C04F79EFBC}") = "Gather.Web", "Presentation\Gather.Web\Gather.Web.csproj", "{3053DB42-C273-40EF-82C3-92147E912D73}"
EndProject
Project("{FAE04EC0-301F-11D3-BF4B-00C04F79EFBC}") = "Gather.Core", "Libraries\Gather.Core\Gather.Core.csproj", "{11D9B153-FFBF-447D-8180-B156354745EF}"
EndProject
Project("{FAE04EC0-301F-11D3-BF4B-00C04F79EFBC}") = "Gather.Data", "Libraries\Gather.Data\Gather.Data.csproj", "{E854CB32-A013-4AE0-8266-20A1F799FF8B}"
EndProject
Project("{FAE04EC0-301F-11D3-BF4B-00C04F79EFBC}") = "Gather.Services", "Libraries\Gather.Services\Gather.Services.csproj", "{542E4B78-2BCF-41E8-96F1-017C4652256F}"
EndProject
Project("{FAE04EC0-301F-11D3-BF4B-00C04F79EFBC}") = "Gather.Web.Framework", "Presentation\Gather.Web.Framework\Gather.Web.Framework.csproj", "{1F013649-7D45-4160-AE4A-6D1035ABDB8A}"
EndProject
Project("{FAE04EC0-301F-11D3-BF4B-00C04F79EFBC}") = "Gather.ApplicationMonitor", "Tools\Gather.TwitterMonitor\Gather.ApplicationMonitor.csproj", "{8E490A22-63A0-45A8-9535-A555B8046312}"
EndProject
Project("{FAE04EC0-301F-11D3-BF4B-00C04F79EFBC}") = "Gather.Api", "Presentation\Gather.Api\Gather.Api.csproj", "{90CF922A-3194-41B4-82B2-49018BBDFFD5}"
EndProject
Global
	GlobalSection(SolutionConfigurationPlatforms) = preSolution
		Debug|Any CPU = Debug|Any CPU
		Debug|Mixed Platforms = Debug|Mixed Platforms
		Debug|x86 = Debug|x86
		OpenSource|Any CPU = OpenSource|Any CPU
		OpenSource|Mixed Platforms = OpenSource|Mixed Platforms
		OpenSource|x86 = OpenSource|x86
		Release|Any CPU = Release|Any CPU
		Release|Mixed Platforms = Release|Mixed Platforms
		Release|x86 = Release|x86
		Stage|Any CPU = Stage|Any CPU
		Stage|Mixed Platforms = Stage|Mixed Platforms
		Stage|x86 = Stage|x86
		Test|Any CPU = Test|Any CPU
		Test|Mixed Platforms = Test|Mixed Platforms
		Test|x86 = Test|x86
	EndGlobalSection
	GlobalSection(ProjectConfigurationPlatforms) = postSolution
		{3053DB42-C273-40EF-82C3-92147E912D73}.Debug|Any CPU.ActiveCfg = Debug|Any CPU
		{3053DB42-C273-40EF-82C3-92147E912D73}.Debug|Any CPU.Build.0 = Debug|Any CPU
		{3053DB42-C273-40EF-82C3-92147E912D73}.Debug|Mixed Platforms.ActiveCfg = Debug|Any CPU
		{3053DB42-C273-40EF-82C3-92147E912D73}.Debug|Mixed Platforms.Build.0 = Debug|Any CPU
		{3053DB42-C273-40EF-82C3-92147E912D73}.Debug|x86.ActiveCfg = Debug|Any CPU
		{3053DB42-C273-40EF-82C3-92147E912D73}.OpenSource|Any CPU.ActiveCfg = OpenSource|Any CPU
		{3053DB42-C273-40EF-82C3-92147E912D73}.OpenSource|Any CPU.Build.0 = OpenSource|Any CPU
		{3053DB42-C273-40EF-82C3-92147E912D73}.OpenSource|Mixed Platforms.ActiveCfg = OpenSource|Any CPU
		{3053DB42-C273-40EF-82C3-92147E912D73}.OpenSource|Mixed Platforms.Build.0 = OpenSource|Any CPU
		{3053DB42-C273-40EF-82C3-92147E912D73}.OpenSource|x86.ActiveCfg = OpenSource|Any CPU
		{3053DB42-C273-40EF-82C3-92147E912D73}.Release|Any CPU.ActiveCfg = Release|Any CPU
		{3053DB42-C273-40EF-82C3-92147E912D73}.Release|Any CPU.Build.0 = Release|Any CPU
		{3053DB42-C273-40EF-82C3-92147E912D73}.Release|Mixed Platforms.ActiveCfg = Release|Any CPU
		{3053DB42-C273-40EF-82C3-92147E912D73}.Release|Mixed Platforms.Build.0 = Release|Any CPU
		{3053DB42-C273-40EF-82C3-92147E912D73}.Release|x86.ActiveCfg = Release|Any CPU
		{3053DB42-C273-40EF-82C3-92147E912D73}.Stage|Any CPU.ActiveCfg = Stage|Any CPU
		{3053DB42-C273-40EF-82C3-92147E912D73}.Stage|Any CPU.Build.0 = Stage|Any CPU
		{3053DB42-C273-40EF-82C3-92147E912D73}.Stage|Mixed Platforms.ActiveCfg = Stage|Any CPU
		{3053DB42-C273-40EF-82C3-92147E912D73}.Stage|Mixed Platforms.Build.0 = Stage|Any CPU
		{3053DB42-C273-40EF-82C3-92147E912D73}.Stage|x86.ActiveCfg = Stage|Any CPU
		{3053DB42-C273-40EF-82C3-92147E912D73}.Test|Any CPU.ActiveCfg = Test|Any CPU
		{3053DB42-C273-40EF-82C3-92147E912D73}.Test|Any CPU.Build.0 = Test|Any CPU
		{3053DB42-C273-40EF-82C3-92147E912D73}.Test|Mixed Platforms.ActiveCfg = Test|Any CPU
		{3053DB42-C273-40EF-82C3-92147E912D73}.Test|Mixed Platforms.Build.0 = Test|Any CPU
		{3053DB42-C273-40EF-82C3-92147E912D73}.Test|x86.ActiveCfg = Test|Any CPU
		{11D9B153-FFBF-447D-8180-B156354745EF}.Debug|Any CPU.ActiveCfg = Debug|Any CPU
		{11D9B153-FFBF-447D-8180-B156354745EF}.Debug|Any CPU.Build.0 = Debug|Any CPU
		{11D9B153-FFBF-447D-8180-B156354745EF}.Debug|Mixed Platforms.ActiveCfg = Debug|Any CPU
		{11D9B153-FFBF-447D-8180-B156354745EF}.Debug|Mixed Platforms.Build.0 = Debug|Any CPU
		{11D9B153-FFBF-447D-8180-B156354745EF}.Debug|x86.ActiveCfg = Debug|Any CPU
		{11D9B153-FFBF-447D-8180-B156354745EF}.OpenSource|Any CPU.ActiveCfg = OpenSource|Any CPU
		{11D9B153-FFBF-447D-8180-B156354745EF}.OpenSource|Any CPU.Build.0 = OpenSource|Any CPU
		{11D9B153-FFBF-447D-8180-B156354745EF}.OpenSource|Mixed Platforms.ActiveCfg = OpenSource|Any CPU
		{11D9B153-FFBF-447D-8180-B156354745EF}.OpenSource|Mixed Platforms.Build.0 = OpenSource|Any CPU
		{11D9B153-FFBF-447D-8180-B156354745EF}.OpenSource|x86.ActiveCfg = OpenSource|Any CPU
		{11D9B153-FFBF-447D-8180-B156354745EF}.Release|Any CPU.ActiveCfg = Release|Any CPU
		{11D9B153-FFBF-447D-8180-B156354745EF}.Release|Any CPU.Build.0 = Release|Any CPU
		{11D9B153-FFBF-447D-8180-B156354745EF}.Release|Mixed Platforms.ActiveCfg = Release|Any CPU
		{11D9B153-FFBF-447D-8180-B156354745EF}.Release|Mixed Platforms.Build.0 = Release|Any CPU
		{11D9B153-FFBF-447D-8180-B156354745EF}.Release|x86.ActiveCfg = Release|Any CPU
		{11D9B153-FFBF-447D-8180-B156354745EF}.Stage|Any CPU.ActiveCfg = Stage|Any CPU
		{11D9B153-FFBF-447D-8180-B156354745EF}.Stage|Any CPU.Build.0 = Stage|Any CPU
		{11D9B153-FFBF-447D-8180-B156354745EF}.Stage|Mixed Platforms.ActiveCfg = Stage|Any CPU
		{11D9B153-FFBF-447D-8180-B156354745EF}.Stage|Mixed Platforms.Build.0 = Stage|Any CPU
		{11D9B153-FFBF-447D-8180-B156354745EF}.Stage|x86.ActiveCfg = Stage|Any CPU
		{11D9B153-FFBF-447D-8180-B156354745EF}.Test|Any CPU.ActiveCfg = Test|Any CPU
		{11D9B153-FFBF-447D-8180-B156354745EF}.Test|Any CPU.Build.0 = Test|Any CPU
		{11D9B153-FFBF-447D-8180-B156354745EF}.Test|Mixed Platforms.ActiveCfg = Test|Any CPU
		{11D9B153-FFBF-447D-8180-B156354745EF}.Test|Mixed Platforms.Build.0 = Test|Any CPU
		{11D9B153-FFBF-447D-8180-B156354745EF}.Test|x86.ActiveCfg = Test|Any CPU
		{E854CB32-A013-4AE0-8266-20A1F799FF8B}.Debug|Any CPU.ActiveCfg = Debug|Any CPU
		{E854CB32-A013-4AE0-8266-20A1F799FF8B}.Debug|Any CPU.Build.0 = Debug|Any CPU
		{E854CB32-A013-4AE0-8266-20A1F799FF8B}.Debug|Mixed Platforms.ActiveCfg = Debug|Any CPU
		{E854CB32-A013-4AE0-8266-20A1F799FF8B}.Debug|Mixed Platforms.Build.0 = Debug|Any CPU
		{E854CB32-A013-4AE0-8266-20A1F799FF8B}.Debug|x86.ActiveCfg = Debug|Any CPU
		{E854CB32-A013-4AE0-8266-20A1F799FF8B}.OpenSource|Any CPU.ActiveCfg = OpenSource|Any CPU
		{E854CB32-A013-4AE0-8266-20A1F799FF8B}.OpenSource|Any CPU.Build.0 = OpenSource|Any CPU
		{E854CB32-A013-4AE0-8266-20A1F799FF8B}.OpenSource|Mixed Platforms.ActiveCfg = OpenSource|Any CPU
		{E854CB32-A013-4AE0-8266-20A1F799FF8B}.OpenSource|Mixed Platforms.Build.0 = OpenSource|Any CPU
		{E854CB32-A013-4AE0-8266-20A1F799FF8B}.OpenSource|x86.ActiveCfg = OpenSource|Any CPU
		{E854CB32-A013-4AE0-8266-20A1F799FF8B}.Release|Any CPU.ActiveCfg = Release|Any CPU
		{E854CB32-A013-4AE0-8266-20A1F799FF8B}.Release|Any CPU.Build.0 = Release|Any CPU
		{E854CB32-A013-4AE0-8266-20A1F799FF8B}.Release|Mixed Platforms.ActiveCfg = Release|Any CPU
		{E854CB32-A013-4AE0-8266-20A1F799FF8B}.Release|Mixed Platforms.Build.0 = Release|Any CPU
		{E854CB32-A013-4AE0-8266-20A1F799FF8B}.Release|x86.ActiveCfg = Release|Any CPU
		{E854CB32-A013-4AE0-8266-20A1F799FF8B}.Stage|Any CPU.ActiveCfg = Stage|Any CPU
		{E854CB32-A013-4AE0-8266-20A1F799FF8B}.Stage|Any CPU.Build.0 = Stage|Any CPU
		{E854CB32-A013-4AE0-8266-20A1F799FF8B}.Stage|Mixed Platforms.ActiveCfg = Stage|Any CPU
		{E854CB32-A013-4AE0-8266-20A1F799FF8B}.Stage|Mixed Platforms.Build.0 = Stage|Any CPU
		{E854CB32-A013-4AE0-8266-20A1F799FF8B}.Stage|x86.ActiveCfg = Stage|Any CPU
		{E854CB32-A013-4AE0-8266-20A1F799FF8B}.Test|Any CPU.ActiveCfg = Test|Any CPU
		{E854CB32-A013-4AE0-8266-20A1F799FF8B}.Test|Any CPU.Build.0 = Test|Any CPU
		{E854CB32-A013-4AE0-8266-20A1F799FF8B}.Test|Mixed Platforms.ActiveCfg = Test|Any CPU
		{E854CB32-A013-4AE0-8266-20A1F799FF8B}.Test|Mixed Platforms.Build.0 = Test|Any CPU
		{E854CB32-A013-4AE0-8266-20A1F799FF8B}.Test|x86.ActiveCfg = Test|Any CPU
		{542E4B78-2BCF-41E8-96F1-017C4652256F}.Debug|Any CPU.ActiveCfg = Debug|Any CPU
		{542E4B78-2BCF-41E8-96F1-017C4652256F}.Debug|Any CPU.Build.0 = Debug|Any CPU
		{542E4B78-2BCF-41E8-96F1-017C4652256F}.Debug|Mixed Platforms.ActiveCfg = Debug|Any CPU
		{542E4B78-2BCF-41E8-96F1-017C4652256F}.Debug|Mixed Platforms.Build.0 = Debug|Any CPU
		{542E4B78-2BCF-41E8-96F1-017C4652256F}.Debug|x86.ActiveCfg = Debug|Any CPU
		{542E4B78-2BCF-41E8-96F1-017C4652256F}.OpenSource|Any CPU.ActiveCfg = OpenSource|Any CPU
		{542E4B78-2BCF-41E8-96F1-017C4652256F}.OpenSource|Any CPU.Build.0 = OpenSource|Any CPU
		{542E4B78-2BCF-41E8-96F1-017C4652256F}.OpenSource|Mixed Platforms.ActiveCfg = OpenSource|Any CPU
		{542E4B78-2BCF-41E8-96F1-017C4652256F}.OpenSource|Mixed Platforms.Build.0 = OpenSource|Any CPU
		{542E4B78-2BCF-41E8-96F1-017C4652256F}.OpenSource|x86.ActiveCfg = OpenSource|Any CPU
		{542E4B78-2BCF-41E8-96F1-017C4652256F}.Release|Any CPU.ActiveCfg = Release|Any CPU
		{542E4B78-2BCF-41E8-96F1-017C4652256F}.Release|Any CPU.Build.0 = Release|Any CPU
		{542E4B78-2BCF-41E8-96F1-017C4652256F}.Release|Mixed Platforms.ActiveCfg = Release|Any CPU
		{542E4B78-2BCF-41E8-96F1-017C4652256F}.Release|Mixed Platforms.Build.0 = Release|Any CPU
		{542E4B78-2BCF-41E8-96F1-017C4652256F}.Release|x86.ActiveCfg = Release|Any CPU
		{542E4B78-2BCF-41E8-96F1-017C4652256F}.Stage|Any CPU.ActiveCfg = Stage|Any CPU
		{542E4B78-2BCF-41E8-96F1-017C4652256F}.Stage|Any CPU.Build.0 = Stage|Any CPU
		{542E4B78-2BCF-41E8-96F1-017C4652256F}.Stage|Mixed Platforms.ActiveCfg = Stage|Any CPU
		{542E4B78-2BCF-41E8-96F1-017C4652256F}.Stage|Mixed Platforms.Build.0 = Stage|Any CPU
		{542E4B78-2BCF-41E8-96F1-017C4652256F}.Stage|x86.ActiveCfg = Stage|Any CPU
		{542E4B78-2BCF-41E8-96F1-017C4652256F}.Test|Any CPU.ActiveCfg = Test|Any CPU
		{542E4B78-2BCF-41E8-96F1-017C4652256F}.Test|Any CPU.Build.0 = Test|Any CPU
		{542E4B78-2BCF-41E8-96F1-017C4652256F}.Test|Mixed Platforms.ActiveCfg = Test|Any CPU
		{542E4B78-2BCF-41E8-96F1-017C4652256F}.Test|Mixed Platforms.Build.0 = Test|Any CPU
		{542E4B78-2BCF-41E8-96F1-017C4652256F}.Test|x86.ActiveCfg = Test|Any CPU
		{1F013649-7D45-4160-AE4A-6D1035ABDB8A}.Debug|Any CPU.ActiveCfg = Debug|Any CPU
		{1F013649-7D45-4160-AE4A-6D1035ABDB8A}.Debug|Any CPU.Build.0 = Debug|Any CPU
		{1F013649-7D45-4160-AE4A-6D1035ABDB8A}.Debug|Mixed Platforms.ActiveCfg = Debug|Any CPU
		{1F013649-7D45-4160-AE4A-6D1035ABDB8A}.Debug|Mixed Platforms.Build.0 = Debug|Any CPU
		{1F013649-7D45-4160-AE4A-6D1035ABDB8A}.Debug|x86.ActiveCfg = Debug|Any CPU
		{1F013649-7D45-4160-AE4A-6D1035ABDB8A}.OpenSource|Any CPU.ActiveCfg = OpenSource|Any CPU
		{1F013649-7D45-4160-AE4A-6D1035ABDB8A}.OpenSource|Any CPU.Build.0 = OpenSource|Any CPU
		{1F013649-7D45-4160-AE4A-6D1035ABDB8A}.OpenSource|Mixed Platforms.ActiveCfg = OpenSource|Any CPU
		{1F013649-7D45-4160-AE4A-6D1035ABDB8A}.OpenSource|Mixed Platforms.Build.0 = OpenSource|Any CPU
		{1F013649-7D45-4160-AE4A-6D1035ABDB8A}.OpenSource|x86.ActiveCfg = OpenSource|Any CPU
		{1F013649-7D45-4160-AE4A-6D1035ABDB8A}.Release|Any CPU.ActiveCfg = Release|Any CPU
		{1F013649-7D45-4160-AE4A-6D1035ABDB8A}.Release|Any CPU.Build.0 = Release|Any CPU
		{1F013649-7D45-4160-AE4A-6D1035ABDB8A}.Release|Mixed Platforms.ActiveCfg = Release|Any CPU
		{1F013649-7D45-4160-AE4A-6D1035ABDB8A}.Release|Mixed Platforms.Build.0 = Release|Any CPU
		{1F013649-7D45-4160-AE4A-6D1035ABDB8A}.Release|x86.ActiveCfg = Release|Any CPU
		{1F013649-7D45-4160-AE4A-6D1035ABDB8A}.Stage|Any CPU.ActiveCfg = Stage|Any CPU
		{1F013649-7D45-4160-AE4A-6D1035ABDB8A}.Stage|Any CPU.Build.0 = Stage|Any CPU
		{1F013649-7D45-4160-AE4A-6D1035ABDB8A}.Stage|Mixed Platforms.ActiveCfg = Stage|Any CPU
		{1F013649-7D45-4160-AE4A-6D1035ABDB8A}.Stage|Mixed Platforms.Build.0 = Stage|Any CPU
		{1F013649-7D45-4160-AE4A-6D1035ABDB8A}.Stage|x86.ActiveCfg = Stage|Any CPU
		{1F013649-7D45-4160-AE4A-6D1035ABDB8A}.Test|Any CPU.ActiveCfg = Test|Any CPU
		{1F013649-7D45-4160-AE4A-6D1035ABDB8A}.Test|Any CPU.Build.0 = Test|Any CPU
		{1F013649-7D45-4160-AE4A-6D1035ABDB8A}.Test|Mixed Platforms.ActiveCfg = Test|Any CPU
		{1F013649-7D45-4160-AE4A-6D1035ABDB8A}.Test|Mixed Platforms.Build.0 = Test|Any CPU
		{1F013649-7D45-4160-AE4A-6D1035ABDB8A}.Test|x86.ActiveCfg = Test|Any CPU
		{8E490A22-63A0-45A8-9535-A555B8046312}.Debug|Any CPU.ActiveCfg = Debug|x86
		{8E490A22-63A0-45A8-9535-A555B8046312}.Debug|Any CPU.Build.0 = Debug|x86
		{8E490A22-63A0-45A8-9535-A555B8046312}.Debug|Mixed Platforms.ActiveCfg = Debug|x86
		{8E490A22-63A0-45A8-9535-A555B8046312}.Debug|Mixed Platforms.Build.0 = Debug|x86
		{8E490A22-63A0-45A8-9535-A555B8046312}.Debug|x86.ActiveCfg = Debug|x86
		{8E490A22-63A0-45A8-9535-A555B8046312}.Debug|x86.Build.0 = Debug|x86
		{8E490A22-63A0-45A8-9535-A555B8046312}.OpenSource|Any CPU.ActiveCfg = OpenSource|x86
		{8E490A22-63A0-45A8-9535-A555B8046312}.OpenSource|Mixed Platforms.ActiveCfg = OpenSource|x86
		{8E490A22-63A0-45A8-9535-A555B8046312}.OpenSource|Mixed Platforms.Build.0 = OpenSource|x86
		{8E490A22-63A0-45A8-9535-A555B8046312}.OpenSource|x86.ActiveCfg = OpenSource|x86
		{8E490A22-63A0-45A8-9535-A555B8046312}.OpenSource|x86.Build.0 = OpenSource|x86
		{8E490A22-63A0-45A8-9535-A555B8046312}.Release|Any CPU.ActiveCfg = Release|x86
		{8E490A22-63A0-45A8-9535-A555B8046312}.Release|Mixed Platforms.ActiveCfg = Release|x86
		{8E490A22-63A0-45A8-9535-A555B8046312}.Release|Mixed Platforms.Build.0 = Release|x86
		{8E490A22-63A0-45A8-9535-A555B8046312}.Release|x86.ActiveCfg = Release|x86
		{8E490A22-63A0-45A8-9535-A555B8046312}.Release|x86.Build.0 = Release|x86
		{8E490A22-63A0-45A8-9535-A555B8046312}.Stage|Any CPU.ActiveCfg = Release|x86
		{8E490A22-63A0-45A8-9535-A555B8046312}.Stage|Mixed Platforms.ActiveCfg = Release|x86
		{8E490A22-63A0-45A8-9535-A555B8046312}.Stage|Mixed Platforms.Build.0 = Release|x86
		{8E490A22-63A0-45A8-9535-A555B8046312}.Stage|x86.ActiveCfg = Release|x86
		{8E490A22-63A0-45A8-9535-A555B8046312}.Stage|x86.Build.0 = Release|x86
		{8E490A22-63A0-45A8-9535-A555B8046312}.Test|Any CPU.ActiveCfg = Release|x86
		{8E490A22-63A0-45A8-9535-A555B8046312}.Test|Mixed Platforms.ActiveCfg = Release|x86
		{8E490A22-63A0-45A8-9535-A555B8046312}.Test|Mixed Platforms.Build.0 = Release|x86
		{8E490A22-63A0-45A8-9535-A555B8046312}.Test|x86.ActiveCfg = Release|x86
		{8E490A22-63A0-45A8-9535-A555B8046312}.Test|x86.Build.0 = Release|x86
		{90CF922A-3194-41B4-82B2-49018BBDFFD5}.Debug|Any CPU.ActiveCfg = Debug|Any CPU
		{90CF922A-3194-41B4-82B2-49018BBDFFD5}.Debug|Any CPU.Build.0 = Debug|Any CPU
		{90CF922A-3194-41B4-82B2-49018BBDFFD5}.Debug|Mixed Platforms.ActiveCfg = Debug|Any CPU
		{90CF922A-3194-41B4-82B2-49018BBDFFD5}.Debug|Mixed Platforms.Build.0 = Debug|Any CPU
		{90CF922A-3194-41B4-82B2-49018BBDFFD5}.Debug|x86.ActiveCfg = Debug|Any CPU
		{90CF922A-3194-41B4-82B2-49018BBDFFD5}.OpenSource|Any CPU.ActiveCfg = OpenSource|Any CPU
		{90CF922A-3194-41B4-82B2-49018BBDFFD5}.OpenSource|Any CPU.Build.0 = OpenSource|Any CPU
		{90CF922A-3194-41B4-82B2-49018BBDFFD5}.OpenSource|Mixed Platforms.ActiveCfg = OpenSource|Any CPU
		{90CF922A-3194-41B4-82B2-49018BBDFFD5}.OpenSource|Mixed Platforms.Build.0 = OpenSource|Any CPU
		{90CF922A-3194-41B4-82B2-49018BBDFFD5}.OpenSource|x86.ActiveCfg = OpenSource|Any CPU
		{90CF922A-3194-41B4-82B2-49018BBDFFD5}.Release|Any CPU.ActiveCfg = Release|Any CPU
		{90CF922A-3194-41B4-82B2-49018BBDFFD5}.Release|Any CPU.Build.0 = Release|Any CPU
		{90CF922A-3194-41B4-82B2-49018BBDFFD5}.Release|Mixed Platforms.ActiveCfg = Release|Any CPU
		{90CF922A-3194-41B4-82B2-49018BBDFFD5}.Release|Mixed Platforms.Build.0 = Release|Any CPU
		{90CF922A-3194-41B4-82B2-49018BBDFFD5}.Release|x86.ActiveCfg = Release|Any CPU
		{90CF922A-3194-41B4-82B2-49018BBDFFD5}.Stage|Any CPU.ActiveCfg = Release|Any CPU
		{90CF922A-3194-41B4-82B2-49018BBDFFD5}.Stage|Any CPU.Build.0 = Release|Any CPU
		{90CF922A-3194-41B4-82B2-49018BBDFFD5}.Stage|Mixed Platforms.ActiveCfg = Release|Any CPU
		{90CF922A-3194-41B4-82B2-49018BBDFFD5}.Stage|Mixed Platforms.Build.0 = Release|Any CPU
		{90CF922A-3194-41B4-82B2-49018BBDFFD5}.Stage|x86.ActiveCfg = Release|Any CPU
		{90CF922A-3194-41B4-82B2-49018BBDFFD5}.Test|Any CPU.ActiveCfg = Release|Any CPU
		{90CF922A-3194-41B4-82B2-49018BBDFFD5}.Test|Any CPU.Build.0 = Release|Any CPU
		{90CF922A-3194-41B4-82B2-49018BBDFFD5}.Test|Mixed Platforms.ActiveCfg = Release|Any CPU
		{90CF922A-3194-41B4-82B2-49018BBDFFD5}.Test|Mixed Platforms.Build.0 = Release|Any CPU
		{90CF922A-3194-41B4-82B2-49018BBDFFD5}.Test|x86.ActiveCfg = Release|Any CPU
	EndGlobalSection
	GlobalSection(SolutionProperties) = preSolution
		HideSolutionNode = FALSE
	EndGlobalSection
EndGlobal
